{
  "object": {
    "pins": [
      {
        "package": "KMPExampleModulePackage",
        "repositoryURL": "https://github.com/jacao/UDependencyManager",
        "state": {
          "branch": null,
          "revision": "83b1eb89702f8e240d25087f3715ecd18467b207",
          "version": "1.0.1"
        }
      }
    ]
  },
  "version": 1
}
